
Microsoft Visual Studio Solution File, Format Version 12.00
# Visual Studio Version 17
VisualStudioVersion = 17.2.32630.192
MinimumVisualStudioVersion = 10.0.40219.1
Project("{FAE04EC0-301F-11D3-BF4B-00C04F79EFBC}") = "AutomationFramework", "AutomationFramework\AutomationFramework.csproj", "{5AE42B90-0813-4BB4-8074-784A015FF007}"
EndProject
Project("{FAE04EC0-301F-11D3-BF4B-00C04F79EFBC}") = "SeleniumProject", "SeleniumProject\SeleniumProject.csproj", "{4BF1AFE8-59B6-4F75-BE66-6A3EBB49C817}"
EndProject
Global
	GlobalSection(SolutionConfigurationPlatforms) = preSolution
		Debug|Any CPU = Debug|Any CPU
		Release|Any CPU = Release|Any CPU
	EndGlobalSection
	GlobalSection(ProjectConfigurationPlatforms) = postSolution
		{5AE42B90-0813-4BB4-8074-784A015FF007}.Debug|Any CPU.ActiveCfg = Debug|Any CPU
		{5AE42B90-0813-4BB4-8074-784A015FF007}.Debug|Any CPU.Build.0 = Debug|Any CPU
		{5AE42B90-0813-4BB4-8074-784A015FF007}.Release|Any CPU.ActiveCfg = Release|Any CPU
		{5AE42B90-0813-4BB4-8074-784A015FF007}.Release|Any CPU.Build.0 = Release|Any CPU
		{4BF1AFE8-59B6-4F75-BE66-6A3EBB49C817}.Debug|Any CPU.ActiveCfg = Debug|Any CPU
		{4BF1AFE8-59B6-4F75-BE66-6A3EBB49C817}.Debug|Any CPU.Build.0 = Debug|Any CPU
		{4BF1AFE8-59B6-4F75-BE66-6A3EBB49C817}.Release|Any CPU.ActiveCfg = Release|Any CPU
		{4BF1AFE8-59B6-4F75-BE66-6A3EBB49C817}.Release|Any CPU.Build.0 = Release|Any CPU
	EndGlobalSection
	GlobalSection(SolutionProperties) = preSolution
		HideSolutionNode = FALSE
	EndGlobalSection
	GlobalSection(ExtensibilityGlobals) = postSolution
		SolutionGuid = {F7AA131A-C2F1-45A5-AB6C-A68261038C4A}
	EndGlobalSection
EndGlobal
